
Microsoft Visual Studio Solution File, Format Version 12.00
# Visual Studio Version 17
VisualStudioVersion = 17.9.34723.18
MinimumVisualStudioVersion = 10.0.40219.1
Project("{FAE04EC0-301F-11D3-BF4B-00C04F79EFBC}") = "BebezyanaGitHub", "BebezyanaGitHub.csproj", "{649A2C1F-C57C-49E8-B188-B7DEB7DEBF79}"
EndProject
Global
	GlobalSection(SolutionConfigurationPlatforms) = preSolution
		Debug|Any CPU = Debug|Any CPU
		Release|Any CPU = Release|Any CPU
	EndGlobalSection
	GlobalSection(ProjectConfigurationPlatforms) = postSolution
		{649A2C1F-C57C-49E8-B188-B7DEB7DEBF79}.Debug|Any CPU.ActiveCfg = Debug|Any CPU
		{649A2C1F-C57C-49E8-B188-B7DEB7DEBF79}.Debug|Any CPU.Build.0 = Debug|Any CPU
		{649A2C1F-C57C-49E8-B188-B7DEB7DEBF79}.Release|Any CPU.ActiveCfg = Release|Any CPU
		{649A2C1F-C57C-49E8-B188-B7DEB7DEBF79}.Release|Any CPU.Build.0 = Release|Any CPU
	EndGlobalSection
	GlobalSection(SolutionProperties) = preSolution
		HideSolutionNode = FALSE
	EndGlobalSection
	GlobalSection(ExtensibilityGlobals) = postSolution
		SolutionGuid = {338ABFA2-09EC-4D5C-994A-CAF07CDC1CD3}
	EndGlobalSection
EndGlobal
